
Microsoft Visual Studio Solution File, Format Version 12.00
# Visual Studio Version 17
VisualStudioVersion = 17.14.36603.0 d17.14
MinimumVisualStudioVersion = 10.0.40219.1
Project("{FAE04EC0-301F-11D3-BF4B-00C04F79EFBC}") = "pahrmacy", "pahrmacy\pahrmacy.csproj", "{93025368-A012-45BE-A329-D05437B928EE}"
EndProject
Global
	GlobalSection(SolutionConfigurationPlatforms) = preSolution
		Debug|Any CPU = Debug|Any CPU
		Release|Any CPU = Release|Any CPU
	EndGlobalSection
	GlobalSection(ProjectConfigurationPlatforms) = postSolution
		{93025368-A012-45BE-A329-D05437B928EE}.Debug|Any CPU.ActiveCfg = Debug|Any CPU
		{93025368-A012-45BE-A329-D05437B928EE}.Debug|Any CPU.Build.0 = Debug|Any CPU
		{93025368-A012-45BE-A329-D05437B928EE}.Release|Any CPU.ActiveCfg = Release|Any CPU
		{93025368-A012-45BE-A329-D05437B928EE}.Release|Any CPU.Build.0 = Release|Any CPU
	EndGlobalSection
	GlobalSection(SolutionProperties) = preSolution
		HideSolutionNode = FALSE
	EndGlobalSection
	GlobalSection(ExtensibilityGlobals) = postSolution
		SolutionGuid = {24C8F03C-5309-4BF1-8103-2560C0B08EBF}
	EndGlobalSection
EndGlobal
